
Microsoft Visual Studio Solution File, Format Version 12.00
# Visual Studio Version 17
VisualStudioVersion = 17.0.31903.59
MinimumVisualStudioVersion = 10.0.40219.1
Project("{2150E333-8FDC-42A3-9474-1A3956D46DE8}") = "src", "src", "{827E0CD3-B72D-47B6-A68D-7590B98EB39B}"
EndProject
Project("{2150E333-8FDC-42A3-9474-1A3956D46DE8}") = "Backend", "Backend", "{FE360695-3F2B-1049-3887-35FBB5135923}"
EndProject
Project("{2150E333-8FDC-42A3-9474-1A3956D46DE8}") = "API", "API", "{6234D21E-8871-654E-CD71-981DAB6DC5E6}"
EndProject
Project("{FAE04EC0-301F-11D3-BF4B-00C04F79EFBC}") = "SolskaKnjiznica.API", "src\Backend\API\SolskaKnjiznica.API.csproj", "{548C147E-6393-4F03-B7B0-A6F963207268}"
EndProject
Project("{2150E333-8FDC-42A3-9474-1A3956D46DE8}") = "Core", "Core", "{FCD5ED78-9E0B-17F0-207A-3AE29A138D49}"
EndProject
Project("{FAE04EC0-301F-11D3-BF4B-00C04F79EFBC}") = "SolskaKnjiznica.Core", "src\Backend\Core\SolskaKnjiznica.Core.csproj", "{3FB83A34-8BF1-4465-9519-F15B4A295E51}"
EndProject
Project("{2150E333-8FDC-42A3-9474-1A3956D46DE8}") = "Infrastructure", "Infrastructure", "{7368E180-7B66-3A50-9671-6F37E4F156D6}"
EndProject
Project("{FAE04EC0-301F-11D3-BF4B-00C04F79EFBC}") = "SolskaKnjiznica.Infrastructure", "src\Backend\Infrastructure\SolskaKnjiznica.Infrastructure.csproj", "{0FFA1360-689A-401F-9AB2-BEA0B10EE6BD}"
EndProject
Global
	GlobalSection(SolutionConfigurationPlatforms) = preSolution
		Debug|Any CPU = Debug|Any CPU
		Debug|x64 = Debug|x64
		Debug|x86 = Debug|x86
		Release|Any CPU = Release|Any CPU
		Release|x64 = Release|x64
		Release|x86 = Release|x86
	EndGlobalSection
	GlobalSection(ProjectConfigurationPlatforms) = postSolution
		{548C147E-6393-4F03-B7B0-A6F963207268}.Debug|Any CPU.ActiveCfg = Debug|Any CPU
		{548C147E-6393-4F03-B7B0-A6F963207268}.Debug|Any CPU.Build.0 = Debug|Any CPU
		{548C147E-6393-4F03-B7B0-A6F963207268}.Debug|x64.ActiveCfg = Debug|Any CPU
		{548C147E-6393-4F03-B7B0-A6F963207268}.Debug|x64.Build.0 = Debug|Any CPU
		{548C147E-6393-4F03-B7B0-A6F963207268}.Debug|x86.ActiveCfg = Debug|Any CPU
		{548C147E-6393-4F03-B7B0-A6F963207268}.Debug|x86.Build.0 = Debug|Any CPU
		{548C147E-6393-4F03-B7B0-A6F963207268}.Release|Any CPU.ActiveCfg = Release|Any CPU
		{548C147E-6393-4F03-B7B0-A6F963207268}.Release|Any CPU.Build.0 = Release|Any CPU
		{548C147E-6393-4F03-B7B0-A6F963207268}.Release|x64.ActiveCfg = Release|Any CPU
		{548C147E-6393-4F03-B7B0-A6F963207268}.Release|x64.Build.0 = Release|Any CPU
		{548C147E-6393-4F03-B7B0-A6F963207268}.Release|x86.ActiveCfg = Release|Any CPU
		{548C147E-6393-4F03-B7B0-A6F963207268}.Release|x86.Build.0 = Release|Any CPU
		{3FB83A34-8BF1-4465-9519-F15B4A295E51}.Debug|Any CPU.ActiveCfg = Debug|Any CPU
		{3FB83A34-8BF1-4465-9519-F15B4A295E51}.Debug|Any CPU.Build.0 = Debug|Any CPU
		{3FB83A34-8BF1-4465-9519-F15B4A295E51}.Debug|x64.ActiveCfg = Debug|Any CPU
		{3FB83A34-8BF1-4465-9519-F15B4A295E51}.Debug|x64.Build.0 = Debug|Any CPU
		{3FB83A34-8BF1-4465-9519-F15B4A295E51}.Debug|x86.ActiveCfg = Debug|Any CPU
		{3FB83A34-8BF1-4465-9519-F15B4A295E51}.Debug|x86.Build.0 = Debug|Any CPU
		{3FB83A34-8BF1-4465-9519-F15B4A295E51}.Release|Any CPU.ActiveCfg = Release|Any CPU
		{3FB83A34-8BF1-4465-9519-F15B4A295E51}.Release|Any CPU.Build.0 = Release|Any CPU
		{3FB83A34-8BF1-4465-9519-F15B4A295E51}.Release|x64.ActiveCfg = Release|Any CPU
		{3FB83A34-8BF1-4465-9519-F15B4A295E51}.Release|x64.Build.0 = Release|Any CPU
		{3FB83A34-8BF1-4465-9519-F15B4A295E51}.Release|x86.ActiveCfg = Release|Any CPU
		{3FB83A34-8BF1-4465-9519-F15B4A295E51}.Release|x86.Build.0 = Release|Any CPU
		{0FFA1360-689A-401F-9AB2-BEA0B10EE6BD}.Debug|Any CPU.ActiveCfg = Debug|Any CPU
		{0FFA1360-689A-401F-9AB2-BEA0B10EE6BD}.Debug|Any CPU.Build.0 = Debug|Any CPU
		{0FFA1360-689A-401F-9AB2-BEA0B10EE6BD}.Debug|x64.ActiveCfg = Debug|Any CPU
		{0FFA1360-689A-401F-9AB2-BEA0B10EE6BD}.Debug|x64.Build.0 = Debug|Any CPU
		{0FFA1360-689A-401F-9AB2-BEA0B10EE6BD}.Debug|x86.ActiveCfg = Debug|Any CPU
		{0FFA1360-689A-401F-9AB2-BEA0B10EE6BD}.Debug|x86.Build.0 = Debug|Any CPU
		{0FFA1360-689A-401F-9AB2-BEA0B10EE6BD}.Release|Any CPU.ActiveCfg = Release|Any CPU
		{0FFA1360-689A-401F-9AB2-BEA0B10EE6BD}.Release|Any CPU.Build.0 = Release|Any CPU
		{0FFA1360-689A-401F-9AB2-BEA0B10EE6BD}.Release|x64.ActiveCfg = Release|Any CPU
		{0FFA1360-689A-401F-9AB2-BEA0B10EE6BD}.Release|x64.Build.0 = Release|Any CPU
		{0FFA1360-689A-401F-9AB2-BEA0B10EE6BD}.Release|x86.ActiveCfg = Release|Any CPU
		{0FFA1360-689A-401F-9AB2-BEA0B10EE6BD}.Release|x86.Build.0 = Release|Any CPU
	EndGlobalSection
	GlobalSection(SolutionProperties) = preSolution
		HideSolutionNode = FALSE
	EndGlobalSection
	GlobalSection(NestedProjects) = preSolution
		{FE360695-3F2B-1049-3887-35FBB5135923} = {827E0CD3-B72D-47B6-A68D-7590B98EB39B}
		{6234D21E-8871-654E-CD71-981DAB6DC5E6} = {FE360695-3F2B-1049-3887-35FBB5135923}
		{548C147E-6393-4F03-B7B0-A6F963207268} = {6234D21E-8871-654E-CD71-981DAB6DC5E6}
		{FCD5ED78-9E0B-17F0-207A-3AE29A138D49} = {FE360695-3F2B-1049-3887-35FBB5135923}
		{3FB83A34-8BF1-4465-9519-F15B4A295E51} = {FCD5ED78-9E0B-17F0-207A-3AE29A138D49}
		{7368E180-7B66-3A50-9671-6F37E4F156D6} = {FE360695-3F2B-1049-3887-35FBB5135923}
		{0FFA1360-689A-401F-9AB2-BEA0B10EE6BD} = {7368E180-7B66-3A50-9671-6F37E4F156D6}
	EndGlobalSection
EndGlobal
